
Microsoft Visual Studio Solution File, Format Version 12.00
# Visual Studio Version 16
VisualStudioVersion = 16.0.31313.79
MinimumVisualStudioVersion = 10.0.40219.1
Project("{9A19103F-16F7-4668-BE54-9A1E7A4F7556}") = "HourGlass", "ConsoleApp1\HourGlass.csproj", "{46DE6BE3-D5C9-4E0F-A526-22549023BA63}"
EndProject
Global
	GlobalSection(SolutionConfigurationPlatforms) = preSolution
		Debug|Any CPU = Debug|Any CPU
		Release|Any CPU = Release|Any CPU
	EndGlobalSection
	GlobalSection(ProjectConfigurationPlatforms) = postSolution
		{46DE6BE3-D5C9-4E0F-A526-22549023BA63}.Debug|Any CPU.ActiveCfg = Debug|Any CPU
		{46DE6BE3-D5C9-4E0F-A526-22549023BA63}.Debug|Any CPU.Build.0 = Debug|Any CPU
		{46DE6BE3-D5C9-4E0F-A526-22549023BA63}.Release|Any CPU.ActiveCfg = Release|Any CPU
		{46DE6BE3-D5C9-4E0F-A526-22549023BA63}.Release|Any CPU.Build.0 = Release|Any CPU
	EndGlobalSection
	GlobalSection(SolutionProperties) = preSolution
		HideSolutionNode = FALSE
	EndGlobalSection
	GlobalSection(ExtensibilityGlobals) = postSolution
		SolutionGuid = {9DE1C3D3-968A-4932-B9D3-0319DE3A2C95}
	EndGlobalSection
EndGlobal
