
Microsoft Visual Studio Solution File, Format Version 12.00
# Visual Studio Version 16
VisualStudioVersion = 16.0.31605.320
MinimumVisualStudioVersion = 10.0.40219.1
Project("{FAE04EC0-301F-11D3-BF4B-00C04F79EFBC}") = "AdvancedArithmetic", "AdvancedArithmetic\AdvancedArithmetic.csproj", "{FDA168DE-3C57-4109-90BA-BF5EC60E34B1}"
EndProject
Global
	GlobalSection(SolutionConfigurationPlatforms) = preSolution
		Debug|Any CPU = Debug|Any CPU
		Release|Any CPU = Release|Any CPU
	EndGlobalSection
	GlobalSection(ProjectConfigurationPlatforms) = postSolution
		{FDA168DE-3C57-4109-90BA-BF5EC60E34B1}.Debug|Any CPU.ActiveCfg = Debug|Any CPU
		{FDA168DE-3C57-4109-90BA-BF5EC60E34B1}.Debug|Any CPU.Build.0 = Debug|Any CPU
		{FDA168DE-3C57-4109-90BA-BF5EC60E34B1}.Release|Any CPU.ActiveCfg = Release|Any CPU
		{FDA168DE-3C57-4109-90BA-BF5EC60E34B1}.Release|Any CPU.Build.0 = Release|Any CPU
	EndGlobalSection
	GlobalSection(SolutionProperties) = preSolution
		HideSolutionNode = FALSE
	EndGlobalSection
	GlobalSection(ExtensibilityGlobals) = postSolution
		SolutionGuid = {A361584D-39BA-4E5A-91D5-79FC3B43A949}
	EndGlobalSection
EndGlobal
