
Microsoft Visual Studio Solution File, Format Version 12.00
# Visual Studio Version 16
VisualStudioVersion = 16.0.31313.79
MinimumVisualStudioVersion = 10.0.40219.1
Project("{FAE04EC0-301F-11D3-BF4B-00C04F79EFBC}") = "Static Attributes", "Static Attributes\Static Attributes.csproj", "{44A638D8-ADAB-47A1-8978-1036B2864CFC}"
EndProject
Global
	GlobalSection(SolutionConfigurationPlatforms) = preSolution
		Debug|Any CPU = Debug|Any CPU
		Release|Any CPU = Release|Any CPU
	EndGlobalSection
	GlobalSection(ProjectConfigurationPlatforms) = postSolution
		{44A638D8-ADAB-47A1-8978-1036B2864CFC}.Debug|Any CPU.ActiveCfg = Debug|Any CPU
		{44A638D8-ADAB-47A1-8978-1036B2864CFC}.Debug|Any CPU.Build.0 = Debug|Any CPU
		{44A638D8-ADAB-47A1-8978-1036B2864CFC}.Release|Any CPU.ActiveCfg = Release|Any CPU
		{44A638D8-ADAB-47A1-8978-1036B2864CFC}.Release|Any CPU.Build.0 = Release|Any CPU
	EndGlobalSection
	GlobalSection(SolutionProperties) = preSolution
		HideSolutionNode = FALSE
	EndGlobalSection
	GlobalSection(ExtensibilityGlobals) = postSolution
		SolutionGuid = {394D47E6-DEB9-4D6D-8E1E-6889903C49F0}
	EndGlobalSection
EndGlobal
