
Microsoft Visual Studio Solution File, Format Version 12.00
# Visual Studio Version 16
VisualStudioVersion = 16.0.31313.79
MinimumVisualStudioVersion = 10.0.40219.1
Project("{FAE04EC0-301F-11D3-BF4B-00C04F79EFBC}") = "Binary Numbers", "Binary Numbers\Binary Numbers.csproj", "{C2643214-BD66-4724-99FC-D8723F8597CF}"
EndProject
Global
	GlobalSection(SolutionConfigurationPlatforms) = preSolution
		Debug|Any CPU = Debug|Any CPU
		Release|Any CPU = Release|Any CPU
	EndGlobalSection
	GlobalSection(ProjectConfigurationPlatforms) = postSolution
		{C2643214-BD66-4724-99FC-D8723F8597CF}.Debug|Any CPU.ActiveCfg = Debug|Any CPU
		{C2643214-BD66-4724-99FC-D8723F8597CF}.Debug|Any CPU.Build.0 = Debug|Any CPU
		{C2643214-BD66-4724-99FC-D8723F8597CF}.Release|Any CPU.ActiveCfg = Release|Any CPU
		{C2643214-BD66-4724-99FC-D8723F8597CF}.Release|Any CPU.Build.0 = Release|Any CPU
	EndGlobalSection
	GlobalSection(SolutionProperties) = preSolution
		HideSolutionNode = FALSE
	EndGlobalSection
	GlobalSection(ExtensibilityGlobals) = postSolution
		SolutionGuid = {B0315F43-502C-4181-8848-024419478671}
	EndGlobalSection
EndGlobal
