
Microsoft Visual Studio Solution File, Format Version 12.00
# Visual Studio Version 16
VisualStudioVersion = 16.0.31605.320
MinimumVisualStudioVersion = 10.0.40219.1
Project("{FAE04EC0-301F-11D3-BF4B-00C04F79EFBC}") = "MyLibrary", "MyLibrary\MyLibrary.csproj", "{FFD09438-76C5-4327-B9F7-3775F7661F2F}"
EndProject
Global
	GlobalSection(SolutionConfigurationPlatforms) = preSolution
		Debug|Any CPU = Debug|Any CPU
		Release|Any CPU = Release|Any CPU
	EndGlobalSection
	GlobalSection(ProjectConfigurationPlatforms) = postSolution
		{FFD09438-76C5-4327-B9F7-3775F7661F2F}.Debug|Any CPU.ActiveCfg = Debug|Any CPU
		{FFD09438-76C5-4327-B9F7-3775F7661F2F}.Debug|Any CPU.Build.0 = Debug|Any CPU
		{FFD09438-76C5-4327-B9F7-3775F7661F2F}.Release|Any CPU.ActiveCfg = Release|Any CPU
		{FFD09438-76C5-4327-B9F7-3775F7661F2F}.Release|Any CPU.Build.0 = Release|Any CPU
	EndGlobalSection
	GlobalSection(SolutionProperties) = preSolution
		HideSolutionNode = FALSE
	EndGlobalSection
	GlobalSection(ExtensibilityGlobals) = postSolution
		SolutionGuid = {ABC7A995-B7F8-41DB-85BC-3467465E0890}
	EndGlobalSection
EndGlobal
