
Microsoft Visual Studio Solution File, Format Version 12.00
# Visual Studio Version 16
VisualStudioVersion = 16.0.31313.79
MinimumVisualStudioVersion = 10.0.40219.1
Project("{FAE04EC0-301F-11D3-BF4B-00C04F79EFBC}") = "For loops", "For loops\For loops.csproj", "{DFE32BEF-6B78-4E28-A569-F9E97AF81D6B}"
EndProject
Global
	GlobalSection(SolutionConfigurationPlatforms) = preSolution
		Debug|Any CPU = Debug|Any CPU
		Release|Any CPU = Release|Any CPU
	EndGlobalSection
	GlobalSection(ProjectConfigurationPlatforms) = postSolution
		{DFE32BEF-6B78-4E28-A569-F9E97AF81D6B}.Debug|Any CPU.ActiveCfg = Debug|Any CPU
		{DFE32BEF-6B78-4E28-A569-F9E97AF81D6B}.Debug|Any CPU.Build.0 = Debug|Any CPU
		{DFE32BEF-6B78-4E28-A569-F9E97AF81D6B}.Release|Any CPU.ActiveCfg = Release|Any CPU
		{DFE32BEF-6B78-4E28-A569-F9E97AF81D6B}.Release|Any CPU.Build.0 = Release|Any CPU
	EndGlobalSection
	GlobalSection(SolutionProperties) = preSolution
		HideSolutionNode = FALSE
	EndGlobalSection
	GlobalSection(ExtensibilityGlobals) = postSolution
		SolutionGuid = {F9267A95-F710-4621-85EC-18F8AFE92C89}
	EndGlobalSection
EndGlobal
