
Microsoft Visual Studio Solution File, Format Version 12.00
# Visual Studio Version 16
VisualStudioVersion = 16.0.31313.79
MinimumVisualStudioVersion = 10.0.40219.1
Project("{FAE04EC0-301F-11D3-BF4B-00C04F79EFBC}") = "Getters and Setters", "Getters and Setters\Getters and Setters.csproj", "{E89A265E-C220-492B-B605-4888CC959BF4}"
EndProject
Global
	GlobalSection(SolutionConfigurationPlatforms) = preSolution
		Debug|Any CPU = Debug|Any CPU
		Release|Any CPU = Release|Any CPU
	EndGlobalSection
	GlobalSection(ProjectConfigurationPlatforms) = postSolution
		{E89A265E-C220-492B-B605-4888CC959BF4}.Debug|Any CPU.ActiveCfg = Debug|Any CPU
		{E89A265E-C220-492B-B605-4888CC959BF4}.Debug|Any CPU.Build.0 = Debug|Any CPU
		{E89A265E-C220-492B-B605-4888CC959BF4}.Release|Any CPU.ActiveCfg = Release|Any CPU
		{E89A265E-C220-492B-B605-4888CC959BF4}.Release|Any CPU.Build.0 = Release|Any CPU
	EndGlobalSection
	GlobalSection(SolutionProperties) = preSolution
		HideSolutionNode = FALSE
	EndGlobalSection
	GlobalSection(ExtensibilityGlobals) = postSolution
		SolutionGuid = {824AB4CF-88C1-48C1-830C-8511374BE91A}
	EndGlobalSection
EndGlobal
